{
  "version": "5",
  "specifiers": {
    "npm:@supabase/server@1.7.0": "1.7.0_@supabase+supabase-js@2.117.0",
    "npm:postgres@3.4.9": "3.4.9",
    "npm:zod@4.6.5": "4.6.5"
  },
  "npm": {
    "@supabase/auth-js@2.117.0": {
      "integrity": "sha512-mmKfXHkZ+93fJ57yxMnJ+h+psiHIEBLzqZNgNu7yE7/kNxAKXkKxz/BZO/Ht0NJiMztFICvA+7xOLbIrK723qQ==",
      "dependencies": [
        "tslib"
      ]
    },
    "@supabase/functions-js@2.117.0": {
      "integrity": "sha512-RC3kdN0DZS8gyLsTDhWCc6xg5FKAyMNz/xt5KD7PSC+PB/7/NhFPo6YrMZu+3xsQMFdOWuVaBlHYdPwdmhqx/w==",
      "dependencies": [
        "tslib"
      ]
    },
    "@supabase/middleware@0.5.0": {
      "integrity": "sha512-OjukUo+5p14zxTuylf2zVg1hZCHWKLO6VrZhtVeQQw09yrVo3GAduvFJPiFDhTAz/Du1ZfEzAR+s6aRAWD5wzQ==",
      "dependencies": [
        "std-env"
      ]
    },
    "@supabase/phoenix@0.4.5": {
      "integrity": "sha512-aAn9H9ovVyeApKy11OWOrrOGq8DV68yWeH4ud2lN9fzn4aO8Zb5GLL9m1pUg9nLqIcT+ZDfAcsZe0E/nqdv2lw=="
    },
    "@supabase/postgrest-js@2.117.0": {
      "integrity": "sha512-KG2+dYIkTzOjR8f0Xza3uXzKB6bHQOIjMTJhHuNNSUK0C6zdtd4A8LBjxpPB9R5I95xuN1CCdlIEJTkZ5g8LBA==",
      "dependencies": [
        "tslib"
      ]
    },
    "@supabase/realtime-js@2.117.0": {
      "integrity": "sha512-E+hovHDWTpoOQHCMWdOwahvJmD7M/Vgj8cQTwLMPlEFvTO7wV8zBhrM9iUnKReurpGpl9u6MGbbjBeQJTEE1Kg==",
      "dependencies": [
        "@supabase/phoenix",
        "tslib"
      ]
    },
    "@supabase/server@1.7.0_@supabase+supabase-js@2.117.0": {
      "integrity": "sha512-P9cAnACD1cQ6rokn1a3azOBzaRpPl0zK6mfLqCxtqWcLbzBLUmWQ3oRd9YrI1hW8p67ZXtiMueih5n41w0p5PQ==",
      "dependencies": [
        "@supabase/middleware",
        "@supabase/supabase-js",
        "jose"
      ]
    },
    "@supabase/storage-js@2.117.0": {
      "integrity": "sha512-jFn8MTRKhUls5yzfYogPqItNH0jwzlLvdhAO2nBKRMzQuvI9BgNM2BabcGSxcDAcyEACGEjeIBXjxRfIb8OI5Q==",
      "dependencies": [
        "iceberg-js",
        "tslib"
      ]
    },
    "@supabase/supabase-js@2.117.0": {
      "integrity": "sha512-c9ASbrLEqFBTWIxF4aXuK4hVgdIH+kA6BsT6xjDkXuFYQkGBWL4OqirstgzhS30gr0Vlfbur6F8jlUfWkCy2dw==",
      "dependencies": [
        "@supabase/auth-js",
        "@supabase/functions-js",
        "@supabase/postgrest-js",
        "@supabase/realtime-js",
        "@supabase/storage-js"
      ]
    },
    "iceberg-js@0.8.1": {
      "integrity": "sha512-1dhVQZXhcHje7798IVM+xoo/1ZdVfzOMIc8/rgVSijRK38EDqOJoGula9N/8ZI5RD8QTxNQtK/Gozpr+qUqRRA=="
    },
    "jose@6.2.12": {
      "integrity": "sha512-9NiFmJEex0sy2Dk58j2UGBSHgUs2ypF9eZSu4L6vjOX3Dp96Sw1F3uL+H+D1sx02jZZdzUT0HgvCy59CuvXcWw=="
    },
    "postgres@3.4.9": {
      "integrity": "sha512-GD3qdB0x1z9xgFI6cdRD6xu2Sp2WCOEoe3mtnyB5Ee0XrrL5Pe+e4CCnJrRMnL1zYtRDZmQQVbvOttLnKDLnaw=="
    },
    "std-env@4.2.0": {
      "integrity": "sha512-oCUKSupKTHX53EyjDtuZQ64pjLJ6yYCtpmEw0goYxtjG9KpbRe8KAsl2tBUGU9DyMcJ0RwJ8GqJAFzMXcXW1Rw=="
    },
    "tslib@2.8.1": {
      "integrity": "sha512-oJFu94HQb+KVduSUQL7wnpmqnfmLsOA/nAh6b6EH0wCEoK0/mPeXU6c3wKDV83MkOuHPRHtSXKKU99IBazS/2w=="
    },
    "zod@4.6.5": {
      "integrity": "sha512-v5l/aFXZQeai4awLbOpSoHecE9UiMrnfx75tEXLjNonXVARxQ5mOeipTjROUchszUNCqnE+hqAMujRsRHsut2Q=="
    }
  },
  "workspace": {
    "dependencies": [
      "npm:@supabase/server@1.7.0",
      "npm:postgres@3.4.9",
      "npm:zod@4.6.5"
    ]
  }
}
